{
  "projects": [
    {
      "projectId": "c4FCQiVEmUqfPef3MjSmg8",
      "version": "latest",
      "dependencies": {
        "7nJ7UcFmq9UzB6eXfC5z4a": "0.28.0",
        "8PtdGodUbexNYgkuyBUcWu": "3.24.0",
        "r3ASNrnyvLLLAtDvzUioQ": "4.5.0",
        "gLnoj82AzKVVT7qXiqAbHD": "2.11.0",
        "caTPwKxj5ZrD9LQ7DMdK4Z": "3.36.0",
        "9Vr5YWkf3w7jj6SsTcCEta": "0.10.0"
      },
      "lang": "ts",
      "fileLocks": [
        {
          "type": "globalVariant",
          "assetId": "QExrow-76Zrl",
          "checksum": "3faff694d5ac7ee0f50093808d6d7c1f"
        },
        {
          "type": "renderModule",
          "assetId": "SDagfCRh-2CQ",
          "checksum": "fb9cb69349f6328de01fda2a66bdd11d"
        },
        {
          "type": "cssRules",
          "assetId": "SDagfCRh-2CQ",
          "checksum": "fb9cb69349f6328de01fda2a66bdd11d"
        },
        {
          "type": "renderModule",
          "assetId": "WoUXpKFRVp6X",
          "checksum": "7571e10f969e412d22675fe81a0b345a"
        },
        {
          "type": "cssRules",
          "assetId": "WoUXpKFRVp6X",
          "checksum": "7571e10f969e412d22675fe81a0b345a"
        },
        {
          "type": "icon",
          "assetId": "wSb16lybm7DS",
          "checksum": "974a5d08116e515a5ec5808a8a3464bd"
        },
        {
          "type": "icon",
          "assetId": "m3IaC3t3OSQT",
          "checksum": "a86f0d6f3ba4b14de25ff1afe8e94477"
        },
        {
          "type": "icon",
          "assetId": "YmZHPP8Bqtaf",
          "checksum": "0fa2f2b8cf694fbce46b600d1b0b535a"
        },
        {
          "type": "image",
          "assetId": "Y2E9VO7XasNC",
          "checksum": "5a32639c44c86d47d2b824039776fd73"
        },
        {
          "type": "image",
          "assetId": "9dO1QBh7rZQK",
          "checksum": "b7b202f9aff49e3a8004c2d91820c91e"
        },
        {
          "type": "image",
          "assetId": "Tos4btchexKP",
          "checksum": "9c5f2dc992f30884bda76ee6b9f6dea2"
        },
        {
          "type": "image",
          "assetId": "9IFZhfTGnbaE",
          "checksum": "c8106cde218f157a8f84e771f43662fd"
        },
        {
          "type": "image",
          "assetId": "n3NnEH3rYLYe",
          "checksum": "039c07c85e5d929a6be8948f92306314"
        },
        {
          "type": "image",
          "assetId": "JPfy5GAEIuDb",
          "checksum": "105f9e506dbad00226f8fd8988e53756"
        },
        {
          "type": "image",
          "assetId": "U9abXKJDbj_q",
          "checksum": "1f6fdbabf1f5e96dac9a5cc23ef3723d"
        },
        {
          "type": "image",
          "assetId": "xp7QH9KcS0US",
          "checksum": "df951be7d812d44f4c6d7f022764710d"
        },
        {
          "type": "image",
          "assetId": "h2Xl1YqGwO04",
          "checksum": "deebdca7cb2f95c81ad704018b1c0d73"
        },
        {
          "type": "image",
          "assetId": "lPHu_Kb-Dave",
          "checksum": "2e36fcc97b0ecd5e40e156be6e2974f5"
        },
        {
          "type": "image",
          "assetId": "giBafnaUT62P",
          "checksum": "231fb9274944224caebda9d59cbb8809"
        },
        {
          "type": "image",
          "assetId": "xZzPnN4Mthzg",
          "checksum": "6c6a15fac35cd012cec6f31610ce6564"
        },
        {
          "type": "image",
          "assetId": "XpthoOmu39IN",
          "checksum": "f2c592d9933263e4ddce4cdcd35f7f1c"
        },
        {
          "type": "image",
          "assetId": "3QienHzw9R7d",
          "checksum": "ed50a0b562ce97ebae3bfc6fb6402b11"
        },
        {
          "type": "image",
          "assetId": "g613dAaDmF0v",
          "checksum": "7a017d1d0bc520f5d8a16c81090677e0"
        },
        {
          "type": "image",
          "assetId": "L-8EOxG_Cs71",
          "checksum": "13dbeee9a76118a81359c823378c14b1"
        },
        {
          "type": "image",
          "assetId": "uLq-2BhzNHrf",
          "checksum": "7e738532afd7fba125b4ff2c56f2a998"
        },
        {
          "type": "image",
          "assetId": "4Bhbs5L9zzXg",
          "checksum": "728017ae1cddee741f9a365f10e283e3"
        },
        {
          "type": "image",
          "assetId": "ymzbagzE2ks6",
          "checksum": "788b9994c25477407781fd29cd2b1a87"
        },
        {
          "type": "image",
          "assetId": "aNqCzpLFk9ca",
          "checksum": "6c97aef5ced65327106c5983d2d094e0"
        },
        {
          "type": "image",
          "assetId": "BVRvjCvLUZwO",
          "checksum": "5a2de65bae67849241114454ea62c927"
        },
        {
          "type": "image",
          "assetId": "GSPRNpkDE7dc",
          "checksum": "45c3cc82ae03c06cbd5491d57564f580"
        },
        {
          "assetId": "c4FCQiVEmUqfPef3MjSmg8",
          "checksum": "77f5e14a214248458dfda6d3011db9dc",
          "type": "globalContexts"
        },
        {
          "type": "renderModule",
          "assetId": "hSQBkSnUA7tC",
          "checksum": "96fc50eb3dd6d8afdebbeb82c536b222"
        },
        {
          "type": "cssRules",
          "assetId": "hSQBkSnUA7tC",
          "checksum": "96fc50eb3dd6d8afdebbeb82c536b222"
        },
        {
          "type": "image",
          "assetId": "xxHwBVDnbj6U",
          "checksum": "3b5ea391cd4043fa80b1673ebc351405"
        },
        {
          "type": "image",
          "assetId": "ItqZRqGoeKeg",
          "checksum": "66d20ba808476c7a251533ce5ebbc3d0"
        },
        {
          "type": "icon",
          "assetId": "jkqfVWSlYrIo",
          "checksum": "eec6e05cd900bba452f12129534f129e"
        },
        {
          "type": "icon",
          "assetId": "VOYVMBHHCe1x",
          "checksum": "105794fd6e9d79adfa9174e2c6065ca3"
        },
        {
          "type": "image",
          "assetId": "geRkulf-gxBI",
          "checksum": "0deb293d4abb3d02691932790047760b"
        },
        {
          "type": "image",
          "assetId": "u7JNCqylatb9",
          "checksum": "1c927f5a899bf343f4bdd82364a791a8"
        },
        {
          "type": "image",
          "assetId": "VlapaXMYK45t",
          "checksum": "ab22db5d04fa60883fd88218701b3f51"
        },
        {
          "type": "renderModule",
          "assetId": "cOK-sZ_QtzrG",
          "checksum": "a69e30a76481dee0fc6abce0f3694c71"
        },
        {
          "type": "cssRules",
          "assetId": "cOK-sZ_QtzrG",
          "checksum": "a69e30a76481dee0fc6abce0f3694c71"
        },
        {
          "type": "image",
          "assetId": "KbxvSIpXhPJ2",
          "checksum": "f432294ee24f3cebd715a9b68380b135"
        },
        {
          "type": "image",
          "assetId": "z9PSARqr8Ro4",
          "checksum": "22c804a5376af2af1fcc4f081329f237"
        },
        {
          "type": "icon",
          "assetId": "in6WJerUDdTP",
          "checksum": "658ad317fa644462e9abe74d27b8f7ac"
        },
        {
          "type": "icon",
          "assetId": "s4a-67yLiToA",
          "checksum": "e7b26b7176421589c065954d56d28f90"
        },
        {
          "type": "icon",
          "assetId": "sfNwiAVmVopy",
          "checksum": "241948e32c4da79f274f408dfe58e015"
        },
        {
          "type": "icon",
          "assetId": "Q0hRG03xqhKN",
          "checksum": "7b030a66d005d27bb30a378d90ec38f3"
        },
        {
          "type": "icon",
          "assetId": "CMzMFyQAU2zL",
          "checksum": "201c519e7ff7386ae460bf9e4a64cf87"
        },
        {
          "type": "icon",
          "assetId": "zAgTD6D2FbNQ",
          "checksum": "c9d3a460a3fccfc31ee73da5f70e532d"
        },
        {
          "assetId": "c4FCQiVEmUqfPef3MjSmg8",
          "type": "projectCss",
          "checksum": "b3a52236016d022301c4743b342132e0"
        }
      ],
      "codegenVersion": "0.0.1"
    },
    {
      "projectId": "7nJ7UcFmq9UzB6eXfC5z4a",
      "version": "0.28.0",
      "dependencies": {},
      "lang": "ts",
      "fileLocks": [
        {
          "assetId": "7nJ7UcFmq9UzB6eXfC5z4a",
          "type": "projectCss",
          "checksum": "05587b57f22f0ec8bb54543deb39762e"
        }
      ],
      "codegenVersion": "0.0.1"
    },
    {
      "projectId": "r3ASNrnyvLLLAtDvzUioQ",
      "version": "4.5.0",
      "dependencies": {},
      "lang": "ts",
      "fileLocks": [
        {
          "assetId": "r3ASNrnyvLLLAtDvzUioQ",
          "type": "projectCss",
          "checksum": "e1ec850476829c38b0f9b6d4f7ac446a"
        }
      ],
      "codegenVersion": "0.0.1"
    },
    {
      "projectId": "8PtdGodUbexNYgkuyBUcWu",
      "version": "3.24.0",
      "dependencies": {},
      "lang": "ts",
      "fileLocks": [
        {
          "assetId": "8PtdGodUbexNYgkuyBUcWu",
          "type": "projectCss",
          "checksum": "078b5be9aa4a8ea2a39b36c771c25aaa"
        },
        {
          "assetId": "8PtdGodUbexNYgkuyBUcWu",
          "checksum": "34a063f27f0b27a7d1d344bc6b5252c5",
          "type": "globalContexts"
        }
      ],
      "codegenVersion": "0.0.1"
    },
    {
      "projectId": "gLnoj82AzKVVT7qXiqAbHD",
      "version": "2.11.0",
      "dependencies": {},
      "lang": "ts",
      "fileLocks": [
        {
          "assetId": "gLnoj82AzKVVT7qXiqAbHD",
          "type": "projectCss",
          "checksum": "e1ec850476829c38b0f9b6d4f7ac446a"
        },
        {
          "type": "renderModule",
          "assetId": "lBHNzts6tFyj",
          "checksum": "23a3f5ba190ca0148ffcc66137739d36"
        },
        {
          "type": "cssRules",
          "assetId": "lBHNzts6tFyj",
          "checksum": "23a3f5ba190ca0148ffcc66137739d36"
        },
        {
          "type": "icon",
          "assetId": "zq2s7N0xWucT",
          "checksum": "61b12414624174db4cd2e3e683119fcb"
        },
        {
          "type": "icon",
          "assetId": "8K40faRNhuCj",
          "checksum": "4fedd32cd8730884585d804464a39318"
        }
      ],
      "codegenVersion": "0.0.1"
    },
    {
      "projectId": "9Vr5YWkf3w7jj6SsTcCEta",
      "version": "0.10.0",
      "dependencies": {},
      "lang": "ts",
      "fileLocks": [
        {
          "assetId": "9Vr5YWkf3w7jj6SsTcCEta",
          "type": "projectCss",
          "checksum": "e1ec850476829c38b0f9b6d4f7ac446a"
        }
      ],
      "codegenVersion": "0.0.1"
    },
    {
      "projectId": "caTPwKxj5ZrD9LQ7DMdK4Z",
      "version": "3.36.0",
      "dependencies": {},
      "lang": "ts",
      "fileLocks": [
        {
          "assetId": "caTPwKxj5ZrD9LQ7DMdK4Z",
          "type": "projectCss",
          "checksum": "e1ec850476829c38b0f9b6d4f7ac446a"
        }
      ],
      "codegenVersion": "0.0.1"
    }
  ],
  "cliVersion": "0.1.330"
}
